{
  "name": "user-node",
  "version": "1.0.0",
  "lockfileVersion": 3,
  "requires": true,
  "packages": {
    "": {
      "name": "user-node",
      "version": "1.0.0",
      "license": "MIT",
      "dependencies": {
        "@hapi/hapi": "^18.1.0",
        "hapi-pino": "^5.4.1"
      }
    },
    "node_modules/@hapi/accept": {
      "version": "3.2.4",
      "resolved": "https://registry.npmjs.org/@hapi/accept/-/accept-3.2.4.tgz",
      "integrity": "sha512-soThGB+QMgfxlh0Vzhzlf3ZOEOPk5biEwcOXhkF0Eedqx8VnhGiggL9UYHrIsOb1rUg3Be3K8kp0iDL2wbVSOQ==",
      "deprecated": "This version has been deprecated and is no longer supported or maintained",
      "dependencies": {
        "@hapi/boom": "7.x.x",
        "@hapi/hoek": "8.x.x"
      }
    },
    "node_modules/@hapi/address": {
      "version": "2.1.4",
      "resolved": "https://registry.npmjs.org/@hapi/address/-/address-2.1.4.tgz",
      "integrity": "sha512-QD1PhQk+s31P1ixsX0H0Suoupp3VMXzIVMSwobR3F3MSUO2YCV0B7xqLcUw/Bh8yuvd3LhpyqLQWTNcRmp6IdQ==",
      "deprecated": "Moved to 'npm install @sideway/address'"
    },
    "node_modules/@hapi/ammo": {
      "version": "3.1.2",
      "resolved": "https://registry.npmjs.org/@hapi/ammo/-/ammo-3.1.2.tgz",
      "integrity": "sha512-ej9OtFmiZv1qr45g1bxEZNGyaR4jRpyMxU6VhbxjaYThymvOwsyIsUKMZnP5Qw2tfYFuwqCJuIBHGpeIbdX9gQ==",
      "deprecated": "This version has been deprecated and is no longer supported or maintained",
      "dependencies": {
        "@hapi/hoek": "8.x.x"
      }
    },
    "node_modules/@hapi/b64": {
      "version": "4.2.1",
      "resolved": "https://registry.npmjs.org/@hapi/b64/-/b64-4.2.1.tgz",
      "integrity": "sha512-zqHpQuH5CBMw6hADzKfU/IGNrxq1Q+/wTYV+OiZRQN9F3tMyk+9BUMeBvFRMamduuqL8iSp62QAnJ+7ATiYLWA==",
      "deprecated": "This version has been deprecated and is no longer supported or maintained",
      "dependencies": {
        "@hapi/hoek": "8.x.x"
      }
    },
    "node_modules/@hapi/boom": {
      "version": "7.4.11",
      "resolved": "https://registry.npmjs.org/@hapi/boom/-/boom-7.4.11.tgz",
      "integrity": "sha512-VSU/Cnj1DXouukYxxkes4nNJonCnlogHvIff1v1RVoN4xzkKhMXX+GRmb3NyH1iar10I9WFPDv2JPwfH3GaV0A==",
      "deprecated": "This version has been deprecated and is no longer supported or maintained",
      "dependencies": {
        "@hapi/hoek": "8.x.x"
      }
    },
    "node_modules/@hapi/bounce": {
      "version": "1.3.2",
      "resolved": "https://registry.npmjs.org/@hapi/bounce/-/bounce-1.3.2.tgz",
      "integrity": "sha512-3bnb1AlcEByFZnpDIidxQyw1Gds81z/1rSqlx4bIEE+wUN0ATj0D49B5cE1wGocy90Rp/de4tv7GjsKd5RQeew==",
      "deprecated": "This version has been deprecated and is no longer supported or maintained",
      "dependencies": {
        "@hapi/boom": "7.x.x",
        "@hapi/hoek": "^8.3.1"
      }
    },
    "node_modules/@hapi/bourne": {
      "version": "1.3.2",
      "resolved": "https://registry.npmjs.org/@hapi/bourne/-/bourne-1.3.2.tgz",
      "integrity": "sha512-1dVNHT76Uu5N3eJNTYcvxee+jzX4Z9lfciqRRHCU27ihbUcYi+iSc2iml5Ke1LXe1SyJCLA0+14Jh4tXJgOppA==",
      "deprecated": "This version has been deprecated and is no longer supported or maintained"
    },
    "node_modules/@hapi/call": {
      "version": "5.1.3",
      "resolved": "https://registry.npmjs.org/@hapi/call/-/call-5.1.3.tgz",
      "integrity": "sha512-5DfWpMk7qZiYhvBhM5oUiT4GQ/O8a2rFR121/PdwA/eZ2C1EsuD547ZggMKAR5bZ+FtxOf0fdM20zzcXzq2mZA==",
      "deprecated": "This version has been deprecated and is no longer supported or maintained",
      "dependencies": {
        "@hapi/boom": "7.x.x",
        "@hapi/hoek": "8.x.x"
      }
    },
    "node_modules/@hapi/catbox": {
      "version": "10.2.3",
      "resolved": "https://registry.npmjs.org/@hapi/catbox/-/catbox-10.2.3.tgz",
      "integrity": "sha512-kN9hXO4NYyOHW09CXiuj5qW1syc/0XeVOBsNNk0Tz89wWNQE5h21WF+VsfAw3uFR8swn/Wj3YEVBnWqo82m/JQ==",
      "deprecated": "This version has been deprecated and is no longer supported or maintained",
      "dependencies": {
        "@hapi/boom": "7.x.x",
        "@hapi/hoek": "8.x.x",
        "@hapi/joi": "16.x.x",
        "@hapi/podium": "3.x.x"
      }
    },
    "node_modules/@hapi/catbox-memory": {
      "version": "4.1.1",
      "resolved": "https://registry.npmjs.org/@hapi/catbox-memory/-/catbox-memory-4.1.1.tgz",
      "integrity": "sha512-T6Hdy8DExzG0jY7C8yYWZB4XHfc0v+p1EGkwxl2HoaPYAmW7I3E59M/IvmSVpis8RPcIoBp41ZpO2aZPBpM2Ww==",
      "deprecated": "This version has been deprecated and is no longer supported or maintained",
      "dependencies": {
        "@hapi/boom": "7.x.x",
        "@hapi/hoek": "8.x.x"
      }
    },
    "node_modules/@hapi/catbox/node_modules/@hapi/joi": {
      "version": "16.1.8",
      "resolved": "https://registry.npmjs.org/@hapi/joi/-/joi-16.1.8.tgz",
      "integrity": "sha512-wAsVvTPe+FwSrsAurNt5vkg3zo+TblvC5Bb1zMVK6SJzZqw9UrJnexxR+76cpePmtUZKHAPxcQ2Bf7oVHyahhg==",
      "deprecated": "Switch to 'npm install joi'",
      "dependencies": {
        "@hapi/address": "^2.1.2",
        "@hapi/formula": "^1.2.0",
        "@hapi/hoek": "^8.2.4",
        "@hapi/pinpoint": "^1.0.2",
        "@hapi/topo": "^3.1.3"
      }
    },
    "node_modules/@hapi/content": {
      "version": "4.1.1",
      "resolved": "https://registry.npmjs.org/@hapi/content/-/content-4.1.1.tgz",
      "integrity": "sha512-3TWvmwpVPxFSF3KBjKZ8yDqIKKZZIm7VurDSweYpXYENZrJH3C1hd1+qEQW9wQaUaI76pPBLGrXl6I3B7i3ipA==",
      "deprecated": "This version has been deprecated and is no longer supported or maintained",
      "dependencies": {
        "@hapi/boom": "7.x.x"
      }
    },
    "node_modules/@hapi/cryptiles": {
      "version": "4.2.1",
      "resolved": "https://registry.npmjs.org/@hapi/cryptiles/-/cryptiles-4.2.1.tgz",
      "integrity": "sha512-XoqgKsHK0l/VpqPs+tr6j6vE+VQ3+2bkF2stvttmc7xAOf1oSAwHcJ0tlp/6MxMysktt1IEY0Csy3khKaP9/uQ==",
      "deprecated": "This version has been deprecated and is no longer supported or maintained",
      "dependencies": {
        "@hapi/boom": "7.x.x"
      }
    },
    "node_modules/@hapi/file": {
      "version": "1.0.0",
      "resolved": "https://registry.npmjs.org/@hapi/file/-/file-1.0.0.tgz",
      "integrity": "sha512-Bsfp/+1Gyf70eGtnIgmScvrH8sSypO3TcK3Zf0QdHnzn/ACnAkI6KLtGACmNRPEzzIy+W7aJX5E+1fc9GwIABQ==",
      "deprecated": "This version has been deprecated and is no longer supported or maintained"
    },
    "node_modules/@hapi/formula": {
      "version": "1.2.0",
      "resolved": "https://registry.npmjs.org/@hapi/formula/-/formula-1.2.0.tgz",
      "integrity": "sha512-UFbtbGPjstz0eWHb+ga/GM3Z9EzqKXFWIbSOFURU0A/Gku0Bky4bCk9/h//K2Xr3IrCfjFNhMm4jyZ5dbCewGA==",
      "deprecated": "Moved to 'npm install @sideway/formula'"
    },
    "node_modules/@hapi/hapi": {
      "version": "18.4.1",
      "resolved": "https://registry.npmjs.org/@hapi/hapi/-/hapi-18.4.1.tgz",
      "integrity": "sha512-9HjVGa0Z4Qv9jk9AVoUdJMQLA+KuZ+liKWyEEkVBx3e3H1F0JM6aGbPkY9jRfwsITBWGBU2iXazn65SFKSi/tg==",
      "deprecated": "This version contains severe security issues and defects and should not be used! Please upgrade to the latest version of @hapi/hapi or consider a commercial license (https://github.com/hapijs/hapi/issues/4114)",
      "dependencies": {
        "@hapi/accept": "^3.2.4",
        "@hapi/ammo": "^3.1.2",
        "@hapi/boom": "7.x.x",
        "@hapi/bounce": "1.x.x",
        "@hapi/call": "^5.1.3",
        "@hapi/catbox": "10.x.x",
        "@hapi/catbox-memory": "4.x.x",
        "@hapi/heavy": "6.x.x",
        "@hapi/hoek": "8.x.x",
        "@hapi/joi": "15.x.x",
        "@hapi/mimos": "4.x.x",
        "@hapi/podium": "3.x.x",
        "@hapi/shot": "4.x.x",
        "@hapi/somever": "2.x.x",
        "@hapi/statehood": "6.x.x",
        "@hapi/subtext": "^6.1.3",
        "@hapi/teamwork": "3.x.x",
        "@hapi/topo": "3.x.x"
      }
    },
    "node_modules/@hapi/heavy": {
      "version": "6.2.2",
      "resolved": "https://registry.npmjs.org/@hapi/heavy/-/heavy-6.2.2.tgz",
      "integrity": "sha512-PY1dCCO6dsze7RlafIRhTaGeyTgVe49A/lSkxbhKGjQ7x46o/OFf7hLiRqTCDh3atcEKf6362EaB3+kTUbCsVA==",
      "deprecated": "This version has been deprecated and is no longer supported or maintained",
      "dependencies": {
        "@hapi/boom": "7.x.x",
        "@hapi/hoek": "8.x.x",
        "@hapi/joi": "16.x.x"
      }
    },
    "node_modules/@hapi/heavy/node_modules/@hapi/joi": {
      "version": "16.1.8",
      "resolved": "https://registry.npmjs.org/@hapi/joi/-/joi-16.1.8.tgz",
      "integrity": "sha512-wAsVvTPe+FwSrsAurNt5vkg3zo+TblvC5Bb1zMVK6SJzZqw9UrJnexxR+76cpePmtUZKHAPxcQ2Bf7oVHyahhg==",
      "deprecated": "Switch to 'npm install joi'",
      "dependencies": {
        "@hapi/address": "^2.1.2",
        "@hapi/formula": "^1.2.0",
        "@hapi/hoek": "^8.2.4",
        "@hapi/pinpoint": "^1.0.2",
        "@hapi/topo": "^3.1.3"
      }
    },
    "node_modules/@hapi/hoek": {
      "version": "8.5.1",
      "resolved": "https://registry.npmjs.org/@hapi/hoek/-/hoek-8.5.1.tgz",
      "integrity": "sha512-yN7kbciD87WzLGc5539Tn0sApjyiGHAJgKvG9W8C7O+6c7qmoQMfVs0W4bX17eqz6C78QJqqFrtgdK5EWf6Qow==",
      "deprecated": "This version has been deprecated and is no longer supported or maintained"
    },
    "node_modules/@hapi/iron": {
      "version": "5.1.4",
      "resolved": "https://registry.npmjs.org/@hapi/iron/-/iron-5.1.4.tgz",
      "integrity": "sha512-+ElC+OCiwWLjlJBmm8ZEWjlfzTMQTdgPnU/TsoU5QsktspIWmWi9IU4kU83nH+X/SSya8TP8h8P11Wr5L7dkQQ==",
      "deprecated": "This version has been deprecated and is no longer supported or maintained",
      "dependencies": {
        "@hapi/b64": "4.x.x",
        "@hapi/boom": "7.x.x",
        "@hapi/bourne": "1.x.x",
        "@hapi/cryptiles": "4.x.x",
        "@hapi/hoek": "8.x.x"
      }
    },
    "node_modules/@hapi/joi": {
      "version": "15.1.1",
      "resolved": "https://registry.npmjs.org/@hapi/joi/-/joi-15.1.1.tgz",
      "integrity": "sha512-entf8ZMOK8sc+8YfeOlM8pCfg3b5+WZIKBfUaaJT8UsjAAPjartzxIYm3TIbjvA4u+u++KbcXD38k682nVHDAQ==",
      "deprecated": "Switch to 'npm install joi'",
      "dependencies": {
        "@hapi/address": "2.x.x",
        "@hapi/bourne": "1.x.x",
        "@hapi/hoek": "8.x.x",
        "@hapi/topo": "3.x.x"
      }
    },
    "node_modules/@hapi/mimos": {
      "version": "4.1.1",
      "resolved": "https://registry.npmjs.org/@hapi/mimos/-/mimos-4.1.1.tgz",
      "integrity": "sha512-CXoi/zfcTWfKYX756eEea8rXJRIb9sR4d7VwyAH9d3BkDyNgAesZxvqIdm55npQc6S9mU3FExinMAQVlIkz0eA==",
      "deprecated": "This version has been deprecated and is no longer supported or maintained",
      "dependencies": {
        "@hapi/hoek": "8.x.x",
        "mime-db": "1.x.x"
      }
    },
    "node_modules/@hapi/nigel": {
      "version": "3.1.1",
      "resolved": "https://registry.npmjs.org/@hapi/nigel/-/nigel-3.1.1.tgz",
      "integrity": "sha512-R9YWx4S8yu0gcCBrMUDCiEFm1SQT895dMlYoeNBp8I6YhF1BFF1iYPueKA2Kkp9BvyHdjmvrxCOns7GMmpl+Fw==",
      "deprecated": "This version has been deprecated and is no longer supported or maintained",
      "dependencies": {
        "@hapi/hoek": "8.x.x",
        "@hapi/vise": "3.x.x"
      }
    },
    "node_modules/@hapi/pez": {
      "version": "4.1.2",
      "resolved": "https://registry.npmjs.org/@hapi/pez/-/pez-4.1.2.tgz",
      "integrity": "sha512-8zSdJ8cZrJLFldTgwjU9Fb1JebID+aBCrCsycgqKYe0OZtM2r3Yv3aAwW5z97VsZWCROC1Vx6Mdn4rujh5Ktcg==",
      "deprecated": "This version has been deprecated and is no longer supported or maintained",
      "dependencies": {
        "@hapi/b64": "4.x.x",
        "@hapi/boom": "7.x.x",
        "@hapi/content": "^4.1.1",
        "@hapi/hoek": "8.x.x",
        "@hapi/nigel": "3.x.x"
      }
    },
    "node_modules/@hapi/pinpoint": {
      "version": "1.0.2",
      "resolved": "https://registry.npmjs.org/@hapi/pinpoint/-/pinpoint-1.0.2.tgz",
      "integrity": "sha512-dtXC/WkZBfC5vxscazuiJ6iq4j9oNx1SHknmIr8hofarpKUZKmlUVYVIhNVzIEgK5Wrc4GMHL5lZtt1uS2flmQ==",
      "deprecated": "Moved to 'npm install @sideway/pinpoint'"
    },
    "node_modules/@hapi/podium": {
      "version": "3.4.3",
      "resolved": "https://registry.npmjs.org/@hapi/podium/-/podium-3.4.3.tgz",
      "integrity": "sha512-QJlnYLEYZWlKQ9fSOtuUcpANyoVGwT68GA9P0iQQCAetBK0fI+nbRBt58+aMixoifczWZUthuGkNjqKxgPh/CQ==",
      "deprecated": "This version has been deprecated and is no longer supported or maintained",
      "dependencies": {
        "@hapi/hoek": "8.x.x",
        "@hapi/joi": "16.x.x"
      }
    },
    "node_modules/@hapi/podium/node_modules/@hapi/joi": {
      "version": "16.1.8",
      "resolved": "https://registry.npmjs.org/@hapi/joi/-/joi-16.1.8.tgz",
      "integrity": "sha512-wAsVvTPe+FwSrsAurNt5vkg3zo+TblvC5Bb1zMVK6SJzZqw9UrJnexxR+76cpePmtUZKHAPxcQ2Bf7oVHyahhg==",
      "deprecated": "Switch to 'npm install joi'",
      "dependencies": {
        "@hapi/address": "^2.1.2",
        "@hapi/formula": "^1.2.0",
        "@hapi/hoek": "^8.2.4",
        "@hapi/pinpoint": "^1.0.2",
        "@hapi/topo": "^3.1.3"
      }
    },
    "node_modules/@hapi/shot": {
      "version": "4.1.2",
      "resolved": "https://registry.npmjs.org/@hapi/shot/-/shot-4.1.2.tgz",
      "integrity": "sha512-6LeHLjvsq/bQ0R+fhEyr7mqExRGguNTrxFZf5DyKe3CK6pNabiGgYO4JVFaRrLZ3JyuhkS0fo8iiRE2Ql2oA/A==",
      "deprecated": "This version has been deprecated and is no longer supported or maintained",
      "dependencies": {
        "@hapi/hoek": "8.x.x",
        "@hapi/joi": "16.x.x"
      }
    },
    "node_modules/@hapi/shot/node_modules/@hapi/joi": {
      "version": "16.1.8",
      "resolved": "https://registry.npmjs.org/@hapi/joi/-/joi-16.1.8.tgz",
      "integrity": "sha512-wAsVvTPe+FwSrsAurNt5vkg3zo+TblvC5Bb1zMVK6SJzZqw9UrJnexxR+76cpePmtUZKHAPxcQ2Bf7oVHyahhg==",
      "deprecated": "Switch to 'npm install joi'",
      "dependencies": {
        "@hapi/address": "^2.1.2",
        "@hapi/formula": "^1.2.0",
        "@hapi/hoek": "^8.2.4",
        "@hapi/pinpoint": "^1.0.2",
        "@hapi/topo": "^3.1.3"
      }
    },
    "node_modules/@hapi/somever": {
      "version": "2.1.1",
      "resolved": "https://registry.npmjs.org/@hapi/somever/-/somever-2.1.1.tgz",
      "integrity": "sha512-cic5Sto4KGd9B0oQSdKTokju+rYhCbdpzbMb0EBnrH5Oc1z048hY8PaZ1lx2vBD7I/XIfTQVQetBH57fU51XRA==",
      "deprecated": "This version has been deprecated and is no longer supported or maintained",
      "dependencies": {
        "@hapi/bounce": "1.x.x",
        "@hapi/hoek": "8.x.x"
      }
    },
    "node_modules/@hapi/statehood": {
      "version": "6.1.2",
      "resolved": "https://registry.npmjs.org/@hapi/statehood/-/statehood-6.1.2.tgz",
      "integrity": "sha512-pYXw1x6npz/UfmtcpUhuMvdK5kuOGTKcJNfLqdNptzietK2UZH5RzNJSlv5bDHeSmordFM3kGItcuQWX2lj2nQ==",
      "deprecated": "This version has been deprecated and is no longer supported or maintained",
      "dependencies": {
        "@hapi/boom": "7.x.x",
        "@hapi/bounce": "1.x.x",
        "@hapi/bourne": "1.x.x",
        "@hapi/cryptiles": "4.x.x",
        "@hapi/hoek": "8.x.x",
        "@hapi/iron": "5.x.x",
        "@hapi/joi": "16.x.x"
      }
    },
    "node_modules/@hapi/statehood/node_modules/@hapi/joi": {
      "version": "16.1.8",
      "resolved": "https://registry.npmjs.org/@hapi/joi/-/joi-16.1.8.tgz",
      "integrity": "sha512-wAsVvTPe+FwSrsAurNt5vkg3zo+TblvC5Bb1zMVK6SJzZqw9UrJnexxR+76cpePmtUZKHAPxcQ2Bf7oVHyahhg==",
      "deprecated": "Switch to 'npm install joi'",
      "dependencies": {
        "@hapi/address": "^2.1.2",
        "@hapi/formula": "^1.2.0",
        "@hapi/hoek": "^8.2.4",
        "@hapi/pinpoint": "^1.0.2",
        "@hapi/topo": "^3.1.3"
      }
    },
    "node_modules/@hapi/subtext": {
      "version": "6.1.3",
      "resolved": "https://registry.npmjs.org/@hapi/subtext/-/subtext-6.1.3.tgz",
      "integrity": "sha512-qWN6NbiHNzohVcJMeAlpku/vzbyH4zIpnnMPMPioQMwIxbPFKeNViDCNI6fVBbMPBiw/xB4FjqiJkRG5P9eWWg==",
      "deprecated": "This version has been deprecated and is no longer supported or maintained",
      "dependencies": {
        "@hapi/boom": "7.x.x",
        "@hapi/bourne": "1.x.x",
        "@hapi/content": "^4.1.1",
        "@hapi/file": "1.x.x",
        "@hapi/hoek": "8.x.x",
        "@hapi/pez": "^4.1.2",
        "@hapi/wreck": "15.x.x"
      }
    },
    "node_modules/@hapi/teamwork": {
      "version": "3.3.1",
      "resolved": "https://registry.npmjs.org/@hapi/teamwork/-/teamwork-3.3.1.tgz",
      "integrity": "sha512-61tiqWCYvMKP7fCTXy0M4VE6uNIwA0qvgFoiDubgfj7uqJ0fdHJFQNnVPGrxhLWlwz0uBPWrQlBH7r8y9vFITQ==",
      "deprecated": "This version has been deprecated and is no longer supported or maintained"
    },
    "node_modules/@hapi/topo": {
      "version": "3.1.6",
      "resolved": "https://registry.npmjs.org/@hapi/topo/-/topo-3.1.6.tgz",
      "integrity": "sha512-tAag0jEcjwH+P2quUfipd7liWCNX2F8NvYjQp2wtInsZxnMlypdw0FtAOLxtvvkO+GSRRbmNi8m/5y42PQJYCQ==",
      "deprecated": "This version has been deprecated and is no longer supported or maintained",
      "dependencies": {
        "@hapi/hoek": "^8.3.0"
      }
    },
    "node_modules/@hapi/vise": {
      "version": "3.1.1",
      "resolved": "https://registry.npmjs.org/@hapi/vise/-/vise-3.1.1.tgz",
      "integrity": "sha512-OXarbiCSadvtg+bSdVPqu31Z1JoBL+FwNYz3cYoBKQ5xq1/Cr4A3IkGpAZbAuxU5y4NL5pZFZG3d2a3ZGm/dOQ==",
      "deprecated": "This version has been deprecated and is no longer supported or maintained",
      "dependencies": {
        "@hapi/hoek": "8.x.x"
      }
    },
    "node_modules/@hapi/wreck": {
      "version": "15.1.0",
      "resolved": "https://registry.npmjs.org/@hapi/wreck/-/wreck-15.1.0.tgz",
      "integrity": "sha512-tQczYRTTeYBmvhsek/D49En/5khcShaBEmzrAaDjMrFXKJRuF8xA8+tlq1ETLBFwGd6Do6g2OC74rt11kzawzg==",
      "deprecated": "This version has been deprecated and is no longer supported or maintained",
      "dependencies": {
        "@hapi/boom": "7.x.x",
        "@hapi/bourne": "1.x.x",
        "@hapi/hoek": "8.x.x"
      }
    },
    "node_modules/abstract-logging": {
      "version": "1.0.0",
      "resolved": "https://registry.npmjs.org/abstract-logging/-/abstract-logging-1.0.0.tgz",
      "integrity": "sha512-CWDjsyA74oOOK6ekFOE00fEUR/twE2SUmXWFQpF1J1fxaq9wSI2tnK3z0vAhpEcmCqw8xD/+A2M2a2M+3bCe8A=="
    },
    "node_modules/ansi-styles": {
      "version": "3.2.1",
      "resolved": "https://registry.npmjs.org/ansi-styles/-/ansi-styles-3.2.1.tgz",
      "integrity": "sha512-VT0ZI6kZRdTh8YyJw3SMbYm/u+NqfsAxEpWO0Pf9sq8/e94WxxOpPKx9FR1FlyCtOVDNOQ+8ntlqFxiRc+r5qA==",
      "dependencies": {
        "color-convert": "^1.9.0"
      },
      "engines": {
        "node": ">=4"
      }
    },
    "node_modules/args": {
      "version": "5.0.3",
      "resolved": "https://registry.npmjs.org/args/-/args-5.0.3.tgz",
      "integrity": "sha512-h6k/zfFgusnv3i5TU08KQkVKuCPBtL/PWQbWkHUxvJrZ2nAyeaUupneemcrgn1xmqxPQsPIzwkUhOpoqPDRZuA==",
      "dependencies": {
        "camelcase": "5.0.0",
        "chalk": "2.4.2",
        "leven": "2.1.0",
        "mri": "1.1.4"
      },
      "engines": {
        "node": ">= 6.0.0"
      }
    },
    "node_modules/atomic-sleep": {
      "version": "1.0.0",
      "resolved": "https://registry.npmjs.org/atomic-sleep/-/atomic-sleep-1.0.0.tgz",
      "integrity": "sha512-kNOjDqAh7px0XWNI+4QbzoiR/nTkHAWNud2uvnJquD1/x5a7EQZMJT0AczqK0Qn67oY/TTQ1LbUKajZpp3I9tQ==",
      "engines": {
        "node": ">=8.0.0"
      }
    },
    "node_modules/camelcase": {
      "version": "5.0.0",
      "resolved": "https://registry.npmjs.org/camelcase/-/camelcase-5.0.0.tgz",
      "integrity": "sha512-faqwZqnWxbxn+F1d399ygeamQNy3lPp/H9H6rNrqYh4FSVCtcY+3cub1MxA8o9mDd55mM8Aghuu/kuyYA6VTsA==",
      "engines": {
        "node": ">=6"
      }
    },
    "node_modules/chalk": {
      "version": "2.4.2",
      "resolved": "https://registry.npmjs.org/chalk/-/chalk-2.4.2.tgz",
      "integrity": "sha512-Mti+f9lpJNcwF4tWV8/OrTTtF1gZi+f8FqlyAdouralcFWFQWF2+NgCHShjkCb+IFBLq9buZwE1xckQU4peSuQ==",
      "dependencies": {
        "ansi-styles": "^3.2.1",
        "escape-string-regexp": "^1.0.5",
        "supports-color": "^5.3.0"
      },
      "engines": {
        "node": ">=4"
      }
    },
    "node_modules/color-convert": {
      "version": "1.9.3",
      "resolved": "https://registry.npmjs.org/color-convert/-/color-convert-1.9.3.tgz",
      "integrity": "sha512-QfAUtd+vFdAtFQcC8CCyYt1fYWxSqAiK2cSD6zDB8N3cpsEBAvRxp9zOGg6G/SHHJYAT88/az/IuDGALsNVbGg==",
      "dependencies": {
        "color-name": "1.1.3"
      }
    },
    "node_modules/color-name": {
      "version": "1.1.3",
      "resolved": "https://registry.npmjs.org/color-name/-/color-name-1.1.3.tgz",
      "integrity": "sha512-72fSenhMw2HZMTVHeCA9KCmpEIbzWiQsjN+BHcBbS9vr1mtt+vJjPdksIBNUmKAW8TFUDPJK5SUU3QhE9NEXDw=="
    },
    "node_modules/dateformat": {
      "version": "3.0.3",
      "resolved": "https://registry.npmjs.org/dateformat/-/dateformat-3.0.3.tgz",
      "integrity": "sha512-jyCETtSl3VMZMWeRo7iY1FL19ges1t55hMo5yaam4Jrsm5EPL89UQkoQRyiI+Yf4k8r2ZpdngkV8hr1lIdjb3Q==",
      "engines": {
        "node": "*"
      }
    },
    "node_modules/end-of-stream": {
      "version": "1.4.4",
      "resolved": "https://registry.npmjs.org/end-of-stream/-/end-of-stream-1.4.4.tgz",
      "integrity": "sha512-+uw1inIHVPQoaVuHzRyXd21icM+cnt4CzD5rW+NC1wjOUSTOs+Te7FOv7AhN7vS9x/oIyhLP5PR1H+phQAHu5Q==",
      "dependencies": {
        "once": "^1.4.0"
      }
    },
    "node_modules/escape-string-regexp": {
      "version": "1.0.5",
      "resolved": "https://registry.npmjs.org/escape-string-regexp/-/escape-string-regexp-1.0.5.tgz",
      "integrity": "sha512-vbRorB5FUQWvla16U8R/qgaFIya2qGzwDrNmCZuYKrbdSUMG6I1ZCGQRefkRVhuOkIGVne7BQ35DSfo1qvJqFg==",
      "engines": {
        "node": ">=0.8.0"
      }
    },
    "node_modules/fast-json-parse": {
      "version": "1.0.3",
      "resolved": "https://registry.npmjs.org/fast-json-parse/-/fast-json-parse-1.0.3.tgz",
      "integrity": "sha512-FRWsaZRWEJ1ESVNbDWmsAlqDk96gPQezzLghafp5J4GUKjbCz3OkAHuZs5TuPEtkbVQERysLp9xv6c24fBm8Aw=="
    },
    "node_modules/fast-redact": {
      "version": "2.1.0",
      "resolved": "https://registry.npmjs.org/fast-redact/-/fast-redact-2.1.0.tgz",
      "integrity": "sha512-0LkHpTLyadJavq9sRzzyqIoMZemWli77K2/MGOkafrR64B9ItrvZ9aT+jluvNDsv0YEHjSNhlMBtbokuoqii4A==",
      "engines": {
        "node": ">=6"
      }
    },
    "node_modules/fast-safe-stringify": {
      "version": "2.1.1",
      "resolved": "https://registry.npmjs.org/fast-safe-stringify/-/fast-safe-stringify-2.1.1.tgz",
      "integrity": "sha512-W+KJc2dmILlPplD/H4K9l9LcAHAfPtP6BY84uVLXQ6Evcz9Lcg33Y2z1IVblT6xdY54PXYVHEv+0Wpq8Io6zkA=="
    },
    "node_modules/flatstr": {
      "version": "1.0.12",
      "resolved": "https://registry.npmjs.org/flatstr/-/flatstr-1.0.12.tgz",
      "integrity": "sha512-4zPxDyhCyiN2wIAtSLI6gc82/EjqZc1onI4Mz/l0pWrAlsSfYH/2ZIcU+e3oA2wDwbzIWNKwa23F8rh6+DRWkw=="
    },
    "node_modules/hapi-pino": {
      "version": "5.4.1",
      "resolved": "https://registry.npmjs.org/hapi-pino/-/hapi-pino-5.4.1.tgz",
      "integrity": "sha512-Bmt0XtRm5xPRE26bcn4dakgLPyAPyadEI5LF9P4EMP43XDzbxl4wQqwe2uVC463X9txdkwOAjaan3vDTC/guaQ==",
      "dependencies": {
        "abstract-logging": "^1.0.0",
        "hoek": "^6.1.2",
        "pino": "^5.10.1",
        "pino-pretty": "^2.5.0"
      }
    },
    "node_modules/has-flag": {
      "version": "3.0.0",
      "resolved": "https://registry.npmjs.org/has-flag/-/has-flag-3.0.0.tgz",
      "integrity": "sha512-sKJf1+ceQBr4SMkvQnBDNDtf4TXpVhVGateu0t918bl30FnbE2m4vNLX+VWe/dpjlb+HugGYzW7uQXH98HPEYw==",
      "engines": {
        "node": ">=4"
      }
    },
    "node_modules/hoek": {
      "version": "6.1.3",
      "resolved": "https://registry.npmjs.org/hoek/-/hoek-6.1.3.tgz",
      "integrity": "sha512-YXXAAhmF9zpQbC7LEcREFtXfGq5K1fmd+4PHkBq8NUqmzW3G+Dq10bI/i0KucLRwss3YYFQ0fSfoxBZYiGUqtQ==",
      "deprecated": "This module has moved and is now available at @hapi/hoek. Please update your dependencies as this version is no longer maintained an may contain bugs and security issues."
    },
    "node_modules/inherits": {
      "version": "2.0.4",
      "resolved": "https://registry.npmjs.org/inherits/-/inherits-2.0.4.tgz",
      "integrity": "sha512-k/vGaX4/Yla3WzyMCvTQOXYeIHvqOKtnqBduzTHpzpQZzAskKMhZ2K+EnBiSM9zGSoIFeMpXKxa4dYeZIQqewQ=="
    },
    "node_modules/jmespath": {
      "version": "0.15.0",
      "resolved": "https://registry.npmjs.org/jmespath/-/jmespath-0.15.0.tgz",
      "integrity": "sha512-+kHj8HXArPfpPEKGLZ+kB5ONRTCiGQXo8RQYL0hH8t6pWXUBBK5KkkQmTNOwKK4LEsd0yTsgtjJVm4UBSZea4w==",
      "engines": {
        "node": ">= 0.6.0"
      }
    },
    "node_modules/leven": {
      "version": "2.1.0",
      "resolved": "https://registry.npmjs.org/leven/-/leven-2.1.0.tgz",
      "integrity": "sha512-nvVPLpIHUxCUoRLrFqTgSxXJ614d8AgQoWl7zPe/2VadE8+1dpU3LBhowRuBAcuwruWtOdD8oYC9jDNJjXDPyA==",
      "engines": {
        "node": ">=0.10.0"
      }
    },
    "node_modules/mime-db": {
      "version": "1.52.0",
      "resolved": "https://registry.npmjs.org/mime-db/-/mime-db-1.52.0.tgz",
      "integrity": "sha512-sPU4uV7dYlvtWJxwwxHD0PuihVNiE7TyAbQ5SWxDCB9mUYvOgroQOwYQQOKPJ8CIbE+1ETVlOoK1UC2nU3gYvg==",
      "engines": {
        "node": ">= 0.6"
      }
    },
    "node_modules/mri": {
      "version": "1.1.4",
      "resolved": "https://registry.npmjs.org/mri/-/mri-1.1.4.tgz",
      "integrity": "sha512-6y7IjGPm8AzlvoUrwAaw1tLnUBudaS3752vcd8JtrpGGQn+rXIe63LFVHm/YMwtqAuh+LJPCFdlLYPWM1nYn6w==",
      "engines": {
        "node": ">=4"
      }
    },
    "node_modules/once": {
      "version": "1.4.0",
      "resolved": "https://registry.npmjs.org/once/-/once-1.4.0.tgz",
      "integrity": "sha512-lNaJgI+2Q5URQBkccEKHTQOPaXdUxnZZElQTZY0MFUAuaEqe1E+Nyvgdz/aIyNi6Z9MzO5dv1H8n58/GELp3+w==",
      "dependencies": {
        "wrappy": "1"
      }
    },
    "node_modules/pino": {
      "version": "5.17.0",
      "resolved": "https://registry.npmjs.org/pino/-/pino-5.17.0.tgz",
      "integrity": "sha512-LqrqmRcJz8etUjyV0ddqB6OTUutCgQULPFg2b4dtijRHUsucaAdBgSUW58vY6RFSX+NT8963F+q0tM6lNwGShA==",
      "dependencies": {
        "fast-redact": "^2.0.0",
        "fast-safe-stringify": "^2.0.7",
        "flatstr": "^1.0.12",
        "pino-std-serializers": "^2.4.2",
        "quick-format-unescaped": "^3.0.3",
        "sonic-boom": "^0.7.5"
      },
      "bin": {
        "pino": "bin.js"
      }
    },
    "node_modules/pino-pretty": {
      "version": "2.6.1",
      "resolved": "https://registry.npmjs.org/pino-pretty/-/pino-pretty-2.6.1.tgz",
      "integrity": "sha512-e/CWtKLidqkr7sinfIVVcsfcHgnFVlGvuEfKuuPFnxBo+9dZZsmgF8a9Rj7SYJ5LMZ8YBxNY9Ca46eam4ajKtQ==",
      "dependencies": {
        "args": "^5.0.0",
        "chalk": "^2.3.2",
        "dateformat": "^3.0.3",
        "fast-json-parse": "^1.0.3",
        "fast-safe-stringify": "^2.0.6",
        "jmespath": "^0.15.0",
        "pump": "^3.0.0",
        "readable-stream": "^3.0.6",
        "split2": "^3.0.0"
      },
      "bin": {
        "pino-pretty": "bin.js"
      }
    },
    "node_modules/pino-std-serializers": {
      "version": "2.5.0",
      "resolved": "https://registry.npmjs.org/pino-std-serializers/-/pino-std-serializers-2.5.0.tgz",
      "integrity": "sha512-wXqbqSrIhE58TdrxxlfLwU9eDhrzppQDvGhBEr1gYbzzM4KKo3Y63gSjiDXRKLVS2UOXdPNR2v+KnQgNrs+xUg=="
    },
    "node_modules/pump": {
      "version": "3.0.0",
      "resolved": "https://registry.npmjs.org/pump/-/pump-3.0.0.tgz",
      "integrity": "sha512-LwZy+p3SFs1Pytd/jYct4wpv49HiYCqd9Rlc5ZVdk0V+8Yzv6jR5Blk3TRmPL1ft69TxP0IMZGJ+WPFU2BFhww==",
      "dependencies": {
        "end-of-stream": "^1.1.0",
        "once": "^1.3.1"
      }
    },
    "node_modules/quick-format-unescaped": {
      "version": "3.0.3",
      "resolved": "https://registry.npmjs.org/quick-format-unescaped/-/quick-format-unescaped-3.0.3.tgz",
      "integrity": "sha512-dy1yjycmn9blucmJLXOfZDx1ikZJUi6E8bBZLnhPG5gBrVhHXx2xVyqqgKBubVNEXmx51dBACMHpoMQK/N/AXQ=="
    },
    "node_modules/readable-stream": {
      "version": "3.6.2",
      "resolved": "https://registry.npmjs.org/readable-stream/-/readable-stream-3.6.2.tgz",
      "integrity": "sha512-9u/sniCrY3D5WdsERHzHE4G2YCXqoG5FTHUiCC4SIbr6XcLZBY05ya9EKjYek9O5xOAwjGq+1JdGBAS7Q9ScoA==",
      "dependencies": {
        "inherits": "^2.0.3",
        "string_decoder": "^1.1.1",
        "util-deprecate": "^1.0.1"
      },
      "engines": {
        "node": ">= 6"
      }
    },
    "node_modules/safe-buffer": {
      "version": "5.2.1",
      "resolved": "https://registry.npmjs.org/safe-buffer/-/safe-buffer-5.2.1.tgz",
      "integrity": "sha512-rp3So07KcdmmKbGvgaNxQSJr7bGVSVk5S9Eq1F+ppbRo70+YeaDxkw5Dd8NPN+GD6bjnYm2VuPuCXmpuYvmCXQ==",
      "funding": [
        {
          "type": "github",
          "url": "https://github.com/sponsors/feross"
        },
        {
          "type": "patreon",
          "url": "https://www.patreon.com/feross"
        },
        {
          "type": "consulting",
          "url": "https://feross.org/support"
        }
      ]
    },
    "node_modules/sonic-boom": {
      "version": "0.7.7",
      "resolved": "https://registry.npmjs.org/sonic-boom/-/sonic-boom-0.7.7.tgz",
      "integrity": "sha512-Ei5YOo5J64GKClHIL/5evJPgASXFVpfVYbJV9PILZQytTK6/LCwHvsZJW2Ig4p9FMC2OrBrMnXKgRN/OEoAWfg==",
      "dependencies": {
        "atomic-sleep": "^1.0.0",
        "flatstr": "^1.0.12"
      }
    },
    "node_modules/split2": {
      "version": "3.2.2",
      "resolved": "https://registry.npmjs.org/split2/-/split2-3.2.2.tgz",
      "integrity": "sha512-9NThjpgZnifTkJpzTZ7Eue85S49QwpNhZTq6GRJwObb6jnLFNGB7Qm73V5HewTROPyxD0C29xqmaI68bQtV+hg==",
      "dependencies": {
        "readable-stream": "^3.0.0"
      }
    },
    "node_modules/string_decoder": {
      "version": "1.3.0",
      "resolved": "https://registry.npmjs.org/string_decoder/-/string_decoder-1.3.0.tgz",
      "integrity": "sha512-hkRX8U1WjJFd8LsDJ2yQ/wWWxaopEsABU1XfkM8A+j0+85JAGppt16cr1Whg6KIbb4okU6Mql6BOj+uup/wKeA==",
      "dependencies": {
        "safe-buffer": "~5.2.0"
      }
    },
    "node_modules/supports-color": {
      "version": "5.5.0",
      "resolved": "https://registry.npmjs.org/supports-color/-/supports-color-5.5.0.tgz",
      "integrity": "sha512-QjVjwdXIt408MIiAqCX4oUKsgU2EqAGzs2Ppkm4aQYbjm+ZEWEcW4SfFNTr4uMNZma0ey4f5lgLrkB0aX0QMow==",
      "dependencies": {
        "has-flag": "^3.0.0"
      },
      "engines": {
        "node": ">=4"
      }
    },
    "node_modules/util-deprecate": {
      "version": "1.0.2",
      "resolved": "https://registry.npmjs.org/util-deprecate/-/util-deprecate-1.0.2.tgz",
      "integrity": "sha512-EPD5q1uXyFxJpCrLnCc1nHnq3gOa6DZBocAIiI2TaSCA7VCJ1UJDMagCzIkXNsUYfD1daK//LTEQ8xiIbrHtcw=="
    },
    "node_modules/wrappy": {
      "version": "1.0.2",
      "resolved": "https://registry.npmjs.org/wrappy/-/wrappy-1.0.2.tgz",
      "integrity": "sha512-l4Sp/DRseor9wL6EvV2+TuQn63dMkPjZ/sp9XkghTEbV9KlPS1xUsZ3u7/IQO4wxtcFB4bgpQPRcR3QCvezPcQ=="
    }
  }
}
